Microsoft Visual Studio Solution File, Format Version 12.00
# Visual Studio 15
VisualStudioVersion = 15.0.28307.421
MinimumVisualStudioVersion = 10.0.40219.1
Project("{FAE04EC0-301F-11D3-BF4B-00C04F79EFBC}") = "minecrunch.tests", "minecrunch.tests\minecrunch.tests.csproj", "{C9D0159D-1E3D-446A-8408-3B55E5A3126F}"
EndProject
Project("{FAE04EC0-301F-11D3-BF4B-00C04F79EFBC}") = "minecrunch.parameters", "minecrunch.parameters\minecrunch.parameters.csproj", "{BD979C35-8F2F-474C-97EA-029AB0FB8796}"
EndProject
Project("{FAE04EC0-301F-11D3-BF4B-00C04F79EFBC}") = "minecrunch.models", "minecrunch.models\minecrunch.models.csproj", "{60861A58-D1B1-43B8-9CD2-9800ACD77454}"
EndProject
Project("{FAE04EC0-301F-11D3-BF4B-00C04F79EFBC}") = "minecrunch.tasks", "minecrunch.tasks\minecrunch.tasks.csproj", "{84077242-25DF-4644-A6B3-FF9EA0254BA0}"
EndProject
Project("{9A19103F-16F7-4668-BE54-9A1E7A4F7556}") = "MinecrunchServer", "MinecrunchServer\MinecrunchServer.csproj", "{C3A1E208-188F-4133-ACDC-7571BDB9AFB7}"
EndProject
Global
	GlobalSection(SolutionConfigurationPlatforms) = preSolution
		Debug|Any CPU = Debug|Any CPU
		Release|Any CPU = Release|Any CPU
	EndGlobalSection
	GlobalSection(ProjectConfigurationPlatforms) = postSolution
		{C9D0159D-1E3D-446A-8408-3B55E5A3126F}.Debug|Any CPU.ActiveCfg = Debug|Any CPU
		{C9D0159D-1E3D-446A-8408-3B55E5A3126F}.Debug|Any CPU.Build.0 = Debug|Any CPU
		{C9D0159D-1E3D-446A-8408-3B55E5A3126F}.Release|Any CPU.ActiveCfg = Release|Any CPU
		{C9D0159D-1E3D-446A-8408-3B55E5A3126F}.Release|Any CPU.Build.0 = Release|Any CPU
		{BD979C35-8F2F-474C-97EA-029AB0FB8796}.Debug|Any CPU.ActiveCfg = Debug|Any CPU
		{BD979C35-8F2F-474C-97EA-029AB0FB8796}.Debug|Any CPU.Build.0 = Debug|Any CPU
		{BD979C35-8F2F-474C-97EA-029AB0FB8796}.Release|Any CPU.ActiveCfg = Release|Any CPU
		{BD979C35-8F2F-474C-97EA-029AB0FB8796}.Release|Any CPU.Build.0 = Release|Any CPU
		{60861A58-D1B1-43B8-9CD2-9800ACD77454}.Debug|Any CPU.ActiveCfg = Debug|Any CPU
		{60861A58-D1B1-43B8-9CD2-9800ACD77454}.Debug|Any CPU.Build.0 = Debug|Any CPU
		{60861A58-D1B1-43B8-9CD2-9800ACD77454}.Release|Any CPU.ActiveCfg = Release|Any CPU
		{60861A58-D1B1-43B8-9CD2-9800ACD77454}.Release|Any CPU.Build.0 = Release|Any CPU
		{84077242-25DF-4644-A6B3-FF9EA0254BA0}.Debug|Any CPU.ActiveCfg = Debug|Any CPU
		{84077242-25DF-4644-A6B3-FF9EA0254BA0}.Debug|Any CPU.Build.0 = Debug|Any CPU
		{84077242-25DF-4644-A6B3-FF9EA0254BA0}.Release|Any CPU.ActiveCfg = Release|Any CPU
		{84077242-25DF-4644-A6B3-FF9EA0254BA0}.Release|Any CPU.Build.0 = Release|Any CPU
		{C3A1E208-188F-4133-ACDC-7571BDB9AFB7}.Debug|Any CPU.ActiveCfg = Debug|Any CPU
		{C3A1E208-188F-4133-ACDC-7571BDB9AFB7}.Debug|Any CPU.Build.0 = Debug|Any CPU
		{C3A1E208-188F-4133-ACDC-7571BDB9AFB7}.Release|Any CPU.ActiveCfg = Release|Any CPU
		{C3A1E208-188F-4133-ACDC-7571BDB9AFB7}.Release|Any CPU.Build.0 = Release|Any CPU
	EndGlobalSection
	GlobalSection(SolutionProperties) = preSolution
		HideSolutionNode = FALSE
	EndGlobalSection
	GlobalSection(ExtensibilityGlobals) = postSolution
		SolutionGuid = {BA29E560-FEF8-4840-B3A6-D580B0DC03EB}
	EndGlobalSection
EndGlobal
